
Microsoft Visual Studio Solution File, Format Version 12.00
# Visual Studio Version 16
VisualStudioVersion = 16.0.31702.278
MinimumVisualStudioVersion = 10.0.40219.1
Project("{FAE04EC0-301F-11D3-BF4B-00C04F79EFBC}") = "VoiceAPI", "VoiceAPI.csproj", "{02E3AE65-E276-4A9B-87DC-4D80F2F10B03}"
EndProject
Global
	GlobalSection(SolutionConfigurationPlatforms) = preSolution
		Debug|Any CPU = Debug|Any CPU
		Release|Any CPU = Release|Any CPU
	EndGlobalSection
	GlobalSection(ProjectConfigurationPlatforms) = postSolution
		{02E3AE65-E276-4A9B-87DC-4D80F2F10B03}.Debug|Any CPU.ActiveCfg = Debug|Any CPU
		{02E3AE65-E276-4A9B-87DC-4D80F2F10B03}.Debug|Any CPU.Build.0 = Debug|Any CPU
		{02E3AE65-E276-4A9B-87DC-4D80F2F10B03}.Release|Any CPU.ActiveCfg = Release|Any CPU
		{02E3AE65-E276-4A9B-87DC-4D80F2F10B03}.Release|Any CPU.Build.0 = Release|Any CPU
	EndGlobalSection
	GlobalSection(SolutionProperties) = preSolution
		HideSolutionNode = FALSE
	EndGlobalSection
	GlobalSection(ExtensibilityGlobals) = postSolution
		SolutionGuid = {4D939268-5352-4D32-AFF5-17E07E4C156D}
	EndGlobalSection
EndGlobal
